<Solution>
  <Project Path="CBS/CBS.Domain/CBS.Domain.csproj" />
  <Project Path="CBS/CBS.Infrastructure/CBS.Infrastructure.csproj" />
  <Project Path="CBS/CBS.Shared/CBS.Shared.csproj" />
  <Project Path="CBS/CBS.Web/CBS.Web.csproj" />
  <Project Path="CBS/CBS/CBS.csproj">
    <Deploy Solution="Debug|*" />
  </Project>
  <Project Path="db/db.sqlproj" Id="f9f79933-9242-46b8-a236-0f68e803eaf6">
    <Build />
    <Deploy />
  </Project>
</Solution>
